#MicroXplorer Configuration settings - do not modify
CAD.formats=
CAD.pinconfig=
CAD.provider=
CORTEX_M7.ART_ACCELERATOR_ENABLE=1
CORTEX_M7.CPU_DCache=Enabled
CORTEX_M7.CPU_ICache=Enabled
CORTEX_M7.IPParameters=CPU_ICache,CPU_DCache,ART_ACCELERATOR_ENABLE,PREFETCH_ENABLE
CORTEX_M7.PREFETCH_ENABLE=1
DSIHOST_CKN.Mode=DSIHost_Standalone
DSIHOST_CKN.Signal=DSIHOST_CKN
DSIHOST_CKP.Mode=DSIHost_Standalone
DSIHOST_CKP.Signal=DSIHOST_CKP
DSIHOST_D0N.Mode=DSIHost_Standalone
DSIHOST_D0N.Signal=DSIHOST_D0N
DSIHOST_D0P.Mode=DSIHost_Standalone
DSIHOST_D0P.Signal=DSIHOST_D0P
DSIHOST_D1N.Mode=DSIHost_Standalone
DSIHOST_D1N.Signal=DSIHOST_D1N
DSIHOST_D1P.Mode=DSIHost_Standalone
DSIHOST_D1P.Signal=DSIHOST_D1P
File.Version=6
GPIO.groupedBy=Group By Peripherals
KeepUserPlacement=false
Mcu.CPN=STM32F769NIH6
Mcu.Family=STM32F7
Mcu.IP0=CORTEX_M7
Mcu.IP1=CRC
Mcu.IP2=DMA2D
Mcu.IP3=DSIHOST
Mcu.IP4=FMC
Mcu.IP5=LTDC
Mcu.IP6=NVIC
Mcu.IP7=QUADSPI
Mcu.IP8=RCC
Mcu.IP9=SYS
Mcu.IPNb=10
Mcu.Name=STM32F769NIHx
Mcu.Package=TFBGA216
Mcu.Pin0=PE2
Mcu.Pin1=PE1
Mcu.Pin10=PI3
Mcu.Pin11=PI2
Mcu.Pin12=PF0
Mcu.Pin13=PI5
Mcu.Pin14=PI7
Mcu.Pin15=PI10
Mcu.Pin16=PI6
Mcu.Pin17=PH15
Mcu.Pin18=PI1
Mcu.Pin19=PF1
Mcu.Pin2=PE0
Mcu.Pin20=PI9
Mcu.Pin21=PH13
Mcu.Pin22=PH14
Mcu.Pin23=PI0
Mcu.Pin24=DSIHOST_D1P
Mcu.Pin25=DSIHOST_D1N
Mcu.Pin26=PC9
Mcu.Pin27=PH0/OSC_IN
Mcu.Pin28=PF2
Mcu.Pin29=PH1/OSC_OUT
Mcu.Pin3=PB6
Mcu.Pin30=PF3
Mcu.Pin31=DSIHOST_CKP
Mcu.Pin32=DSIHOST_CKN
Mcu.Pin33=PG8
Mcu.Pin34=PF4
Mcu.Pin35=PH5
Mcu.Pin36=PH3
Mcu.Pin37=DSIHOST_D0P
Mcu.Pin38=DSIHOST_D0N
Mcu.Pin39=PF6
Mcu.Pin4=PG15
Mcu.Pin40=PF5
Mcu.Pin41=PH2
Mcu.Pin42=PD15
Mcu.Pin43=PD10
Mcu.Pin44=PF10
Mcu.Pin45=PD14
Mcu.Pin46=PD9
Mcu.Pin47=PD8
Mcu.Pin48=PF12
Mcu.Pin49=PG1
Mcu.Pin5=PJ13
Mcu.Pin50=PF15
Mcu.Pin51=PJ5
Mcu.Pin52=PH12
Mcu.Pin53=PF13
Mcu.Pin54=PG0
Mcu.Pin55=PE8
Mcu.Pin56=PG5
Mcu.Pin57=PG4
Mcu.Pin58=PH9
Mcu.Pin59=PH11
Mcu.Pin6=PD0
Mcu.Pin60=PF14
Mcu.Pin61=PF11
Mcu.Pin62=PE9
Mcu.Pin63=PE11
Mcu.Pin64=PE14
Mcu.Pin65=PH8
Mcu.Pin66=PH10
Mcu.Pin67=PE7
Mcu.Pin68=PE10
Mcu.Pin69=PE12
Mcu.Pin7=PC10
Mcu.Pin70=PE15
Mcu.Pin71=PE13
Mcu.Pin72=VP_CRC_VS_CRC
Mcu.Pin73=VP_DMA2D_VS_DMA2D
Mcu.Pin74=VP_LTDC_DSIMode
Mcu.Pin75=VP_SYS_VS_Systick
Mcu.Pin76=VP_STMicroelectronics.X-CUBE-AI_VS_ArtificialOoIntelligenceJjXAaCUBEAaAI_9.0.0
Mcu.Pin8=PI4
Mcu.Pin9=PD1
Mcu.PinsNb=77
Mcu.ThirdParty0=STMicroelectronics.X-CUBE-AI.9.0.0
Mcu.ThirdPartyNb=1
Mcu.UserConstants=
Mcu.UserName=STM32F769NIHx
MxCube.Version=6.12.1
MxDb.Version=DB.6.0.121
NVIC.BusFault_IRQn=true\:0\:0\:false\:false\:true\:false\:false\:false
NVIC.DebugMonitor_IRQn=true\:0\:0\:false\:false\:true\:false\:false\:false
NVIC.ForceEnableDMAVector=true
NVIC.HardFault_IRQn=true\:0\:0\:false\:false\:true\:false\:false\:false
NVIC.MemoryManagement_IRQn=true\:0\:0\:false\:false\:true\:false\:false\:false
NVIC.NonMaskableInt_IRQn=true\:0\:0\:false\:false\:true\:false\:false\:false
NVIC.PendSV_IRQn=true\:0\:0\:false\:false\:true\:false\:false\:false
NVIC.PriorityGroup=NVIC_PRIORITYGROUP_4
NVIC.SVCall_IRQn=true\:0\:0\:false\:false\:true\:false\:false\:false
NVIC.SysTick_IRQn=true\:15\:0\:false\:false\:true\:false\:true\:false
NVIC.UsageFault_IRQn=true\:0\:0\:false\:false\:true\:false\:false\:false
PB6.Mode=Single Bank 1
PB6.Signal=QUADSPI_BK1_NCS
PC10.Mode=Single Bank 1
PC10.Signal=QUADSPI_BK1_IO1
PC9.Mode=Single Bank 1
PC9.Signal=QUADSPI_BK1_IO0
PD0.Signal=FMC_D2_DA2
PD1.Signal=FMC_D3_DA3
PD10.Signal=FMC_D15_DA15
PD14.Signal=FMC_D0_DA0
PD15.Signal=FMC_D1_DA1
PD8.Signal=FMC_D13_DA13
PD9.Signal=FMC_D14_DA14
PE0.Signal=FMC_NBL0
PE1.Signal=FMC_NBL1
PE10.Signal=FMC_D7_DA7
PE11.Signal=FMC_D8_DA8
PE12.Signal=FMC_D9_DA9
PE13.Signal=FMC_D10_DA10
PE14.Signal=FMC_D11_DA11
PE15.Signal=FMC_D12_DA12
PE2.Mode=Single Bank 1
PE2.Signal=QUADSPI_BK1_IO2
PE7.Signal=FMC_D4_DA4
PE8.Signal=FMC_D5_DA5
PE9.Signal=FMC_D6_DA6
PF0.Signal=FMC_A0
PF1.Signal=FMC_A1
PF10.Mode=Single Bank 1
PF10.Signal=QUADSPI_CLK
PF11.Signal=FMC_SDNRAS
PF12.Signal=FMC_A6
PF13.Signal=FMC_A7
PF14.Signal=FMC_A8
PF15.Signal=FMC_A9
PF2.Signal=FMC_A2
PF3.Signal=FMC_A3
PF4.Signal=FMC_A4
PF5.Signal=FMC_A5
PF6.Mode=Single Bank 1
PF6.Signal=QUADSPI_BK1_IO3
PG0.Signal=FMC_A10
PG1.Signal=FMC_A11
PG15.Signal=FMC_SDNCAS
PG4.Signal=FMC_A14_BA0
PG5.Signal=FMC_A15_BA1
PG8.Signal=FMC_SDCLK
PH0/OSC_IN.Mode=HSE-External-Oscillator
PH0/OSC_IN.Signal=RCC_OSC_IN
PH1/OSC_OUT.Mode=HSE-External-Oscillator
PH1/OSC_OUT.Signal=RCC_OSC_OUT
PH10.Signal=FMC_D18
PH11.Signal=FMC_D19
PH12.Signal=FMC_D20
PH13.Signal=FMC_D21
PH14.Signal=FMC_D22
PH15.Signal=FMC_D23
PH2.Mode=SdramChipSelect1_1
PH2.Signal=FMC_SDCKE0
PH3.Mode=SdramChipSelect1_1
PH3.Signal=FMC_SDNE0
PH5.Signal=FMC_SDNWE
PH8.Signal=FMC_D16
PH9.Signal=FMC_D17
PI0.Signal=FMC_D24
PI1.Signal=FMC_D25
PI10.Signal=FMC_D31
PI2.Signal=FMC_D26
PI3.Signal=FMC_D27
PI4.Signal=FMC_NBL2
PI5.Signal=FMC_NBL3
PI6.Signal=FMC_D28
PI7.Signal=FMC_D29
PI9.Signal=FMC_D30
PJ13.Locked=true
PJ13.Signal=GPIO_Output
PJ5.Locked=true
PJ5.Signal=GPIO_Output
PinOutPanel.CurrentBGAView=Top
PinOutPanel.RotationAngle=0
ProjectManager.AskForMigrate=true
ProjectManager.BackupPrevious=false
ProjectManager.CompilerOptimize=6
ProjectManager.ComputerToolchain=false
ProjectManager.CoupleFile=false
ProjectManager.CustomerFirmwarePackage=
ProjectManager.DefaultFWLocation=true
ProjectManager.DeletePrevious=true
ProjectManager.DeviceId=STM32F769NIHx
ProjectManager.FirmwarePackage=STM32Cube FW_F7 V1.17.2
ProjectManager.FreePins=false
ProjectManager.HalAssertFull=false
ProjectManager.HeapSize=0x200
ProjectManager.KeepUserCode=true
ProjectManager.LastFirmware=true
ProjectManager.LibraryCopy=1
ProjectManager.MainLocation=Core/Src
ProjectManager.NoMain=false
ProjectManager.PreviousToolchain=
ProjectManager.ProjectBuild=false
ProjectManager.ProjectFileName=presentation.ioc
ProjectManager.ProjectName=presentation
ProjectManager.ProjectStructure=
ProjectManager.RegisterCallBack=
ProjectManager.StackSize=0x400
ProjectManager.TargetToolchain=STM32CubeIDE
ProjectManager.ToolChainLocation=
ProjectManager.UAScriptAfterPath=
ProjectManager.UAScriptBeforePath=
ProjectManager.UnderRoot=true
ProjectManager.functionlistsort=1-SystemClock_Config-RCC-false-HAL-false,2-MX_GPIO_Init-GPIO-false-HAL-true,3-MX_DMA2D_Init-DMA2D-false-HAL-true,4-MX_DSIHOST_DSI_Init-DSIHOST-false-HAL-true,5-MX_FMC_Init-FMC-false-HAL-true,6-MX_LTDC_Init-LTDC-false-HAL-true,7-MX_QUADSPI_Init-QUADSPI-false-HAL-true,0-MX_CORTEX_M7_Init-CORTEX_M7-false-HAL-true
RCC.AHBFreq_Value=216000000
RCC.APB1CLKDivider=RCC_HCLK_DIV4
RCC.APB1Freq_Value=54000000
RCC.APB1TimFreq_Value=108000000
RCC.APB2CLKDivider=RCC_HCLK_DIV2
RCC.APB2Freq_Value=108000000
RCC.APB2TimFreq_Value=216000000
RCC.CECFreq_Value=32786.88524590164
RCC.CortexFreq_Value=216000000
RCC.DFSDMAudioFreq_Value=64000000
RCC.DFSDMFreq_Value=108000000
RCC.DSIFreq_Value=62500000
RCC.DSITXEscFreq_Value=15625000
RCC.EthernetFreq_Value=216000000
RCC.FCLKCortexFreq_Value=216000000
RCC.FamilyName=M
RCC.HCLKFreq_Value=216000000
RCC.HSE_VALUE=25000000
RCC.HSI_VALUE=16000000
RCC.I2C1Freq_Value=54000000
RCC.I2C2Freq_Value=54000000
RCC.I2C3Freq_Value=54000000
RCC.I2C4Freq_Value=54000000
RCC.I2SFreq_Value=96000000
RCC.IPParameters=AHBFreq_Value,APB1CLKDivider,APB1Freq_Value,APB1TimFreq_Value,APB2CLKDivider,APB2Freq_Value,APB2TimFreq_Value,CECFreq_Value,CortexFreq_Value,DFSDMAudioFreq_Value,DFSDMFreq_Value,DSIFreq_Value,DSITXEscFreq_Value,EthernetFreq_Value,FCLKCortexFreq_Value,FamilyName,HCLKFreq_Value,HSE_VALUE,HSI_VALUE,I2C1Freq_Value,I2C2Freq_Value,I2C3Freq_Value,I2C4Freq_Value,I2SFreq_Value,LCDTFTFreq_Value,LCDTFToutputFreq_Value,LPTIM1Freq_Value,LSI_VALUE,MCO2PinFreq_Value,PLL48CLockSelection,PLLCLKFreq_Value,PLLDSIFreq_Value,PLLDSIVCOFreq_Value,PLLI2SPCLKFreq_Value,PLLI2SQCLKFreq_Value,PLLI2SRCLKFreq_Value,PLLI2SRoutputFreq_Value,PLLM,PLLN,PLLQ,PLLQCLKFreq_Value,PLLQoutputFreq_Value,PLLRFreq_Value,PLLSAIP,PLLSAIPCLKFreq_Value,PLLSAIQ,PLLSAIQCLKFreq_Value,PLLSAIRCLKFreq_Value,PLLSAIoutputFreq_Value,PLLSourceVirtual,RNGFreq_Value,SAI1Freq_Value,SAI2Freq_Value,SDMMC2ClockSelection,SDMMC2Freq_Value,SDMMCFreq_Value,SPDIFRXFreq_Value,SYSCLKFreq_VALUE,SYSCLKSource,UART4Freq_Value,UART5Freq_Value,UART7Freq_Value,UART8Freq_Value,USART1Freq_Value,USART2Freq_Value,USART3Freq_Value,USART6Freq_Value,USBFreq_Value,VCOI2SOutputFreq_Value,VCOInputFreq_Value,VCOOutputFreq_Value,VCOSAIOutputFreq_Value
RCC.LCDTFTFreq_Value=48000000
RCC.LCDTFToutputFreq_Value=48000000
RCC.LPTIM1Freq_Value=54000000
RCC.LSI_VALUE=32000
RCC.MCO2PinFreq_Value=216000000
RCC.PLL48CLockSelection=RCC_CLK48SOURCE_PLLSAIP
RCC.PLLCLKFreq_Value=216000000
RCC.PLLDSIFreq_Value=500000000
RCC.PLLDSIVCOFreq_Value=1000000000
RCC.PLLI2SPCLKFreq_Value=96000000
RCC.PLLI2SQCLKFreq_Value=96000000
RCC.PLLI2SRCLKFreq_Value=96000000
RCC.PLLI2SRoutputFreq_Value=96000000
RCC.PLLM=25
RCC.PLLN=432
RCC.PLLQ=4
RCC.PLLQCLKFreq_Value=108000000
RCC.PLLQoutputFreq_Value=108000000
RCC.PLLRFreq_Value=216000000
RCC.PLLSAIP=RCC_PLLSAIP_DIV4
RCC.PLLSAIPCLKFreq_Value=48000000
RCC.PLLSAIQ=3
RCC.PLLSAIQCLKFreq_Value=64000000
RCC.PLLSAIRCLKFreq_Value=96000000
RCC.PLLSAIoutputFreq_Value=48000000
RCC.PLLSourceVirtual=RCC_PLLSOURCE_HSE
RCC.RNGFreq_Value=48000000
RCC.SAI1Freq_Value=64000000
RCC.SAI2Freq_Value=64000000
RCC.SDMMC2ClockSelection=RCC_SDMMC2CLKSOURCE_CLK48
RCC.SDMMC2Freq_Value=48000000
RCC.SDMMCFreq_Value=216000000
RCC.SPDIFRXFreq_Value=96000000
RCC.SYSCLKFreq_VALUE=216000000
RCC.SYSCLKSource=RCC_SYSCLKSOURCE_PLLCLK
RCC.UART4Freq_Value=54000000
RCC.UART5Freq_Value=54000000
RCC.UART7Freq_Value=54000000
RCC.UART8Freq_Value=54000000
RCC.USART1Freq_Value=108000000
RCC.USART2Freq_Value=54000000
RCC.USART3Freq_Value=54000000
RCC.USART6Freq_Value=108000000
RCC.USBFreq_Value=48000000
RCC.VCOI2SOutputFreq_Value=192000000
RCC.VCOInputFreq_Value=1000000
RCC.VCOOutputFreq_Value=432000000
RCC.VCOSAIOutputFreq_Value=192000000
SH.FMC_A0.0=FMC_A0,12b-sda1
SH.FMC_A0.ConfNb=1
SH.FMC_A1.0=FMC_A1,12b-sda1
SH.FMC_A1.ConfNb=1
SH.FMC_A10.0=FMC_A10,12b-sda1
SH.FMC_A10.ConfNb=1
SH.FMC_A11.0=FMC_A11,12b-sda1
SH.FMC_A11.ConfNb=1
SH.FMC_A14_BA0.0=FMC_BA0,FourSdramBanks1
SH.FMC_A14_BA0.ConfNb=1
SH.FMC_A15_BA1.0=FMC_BA1,FourSdramBanks1
SH.FMC_A15_BA1.ConfNb=1
SH.FMC_A2.0=FMC_A2,12b-sda1
SH.FMC_A2.ConfNb=1
SH.FMC_A3.0=FMC_A3,12b-sda1
SH.FMC_A3.ConfNb=1
SH.FMC_A4.0=FMC_A4,12b-sda1
SH.FMC_A4.ConfNb=1
SH.FMC_A5.0=FMC_A5,12b-sda1
SH.FMC_A5.ConfNb=1
SH.FMC_A6.0=FMC_A6,12b-sda1
SH.FMC_A6.ConfNb=1
SH.FMC_A7.0=FMC_A7,12b-sda1
SH.FMC_A7.ConfNb=1
SH.FMC_A8.0=FMC_A8,12b-sda1
SH.FMC_A8.ConfNb=1
SH.FMC_A9.0=FMC_A9,12b-sda1
SH.FMC_A9.ConfNb=1
SH.FMC_D0_DA0.0=FMC_D0,sd-32b-d1
SH.FMC_D0_DA0.ConfNb=1
SH.FMC_D10_DA10.0=FMC_D10,sd-32b-d1
SH.FMC_D10_DA10.ConfNb=1
SH.FMC_D11_DA11.0=FMC_D11,sd-32b-d1
SH.FMC_D11_DA11.ConfNb=1
SH.FMC_D12_DA12.0=FMC_D12,sd-32b-d1
SH.FMC_D12_DA12.ConfNb=1
SH.FMC_D13_DA13.0=FMC_D13,sd-32b-d1
SH.FMC_D13_DA13.ConfNb=1
SH.FMC_D14_DA14.0=FMC_D14,sd-32b-d1
SH.FMC_D14_DA14.ConfNb=1
SH.FMC_D15_DA15.0=FMC_D15,sd-32b-d1
SH.FMC_D15_DA15.ConfNb=1
SH.FMC_D16.0=FMC_D16,sd-32b-d1
SH.FMC_D16.ConfNb=1
SH.FMC_D17.0=FMC_D17,sd-32b-d1
SH.FMC_D17.ConfNb=1
SH.FMC_D18.0=FMC_D18,sd-32b-d1
SH.FMC_D18.ConfNb=1
SH.FMC_D19.0=FMC_D19,sd-32b-d1
SH.FMC_D19.ConfNb=1
SH.FMC_D1_DA1.0=FMC_D1,sd-32b-d1
SH.FMC_D1_DA1.ConfNb=1
SH.FMC_D20.0=FMC_D20,sd-32b-d1
SH.FMC_D20.ConfNb=1
SH.FMC_D21.0=FMC_D21,sd-32b-d1
SH.FMC_D21.ConfNb=1
SH.FMC_D22.0=FMC_D22,sd-32b-d1
SH.FMC_D22.ConfNb=1
SH.FMC_D23.0=FMC_D23,sd-32b-d1
SH.FMC_D23.ConfNb=1
SH.FMC_D24.0=FMC_D24,sd-32b-d1
SH.FMC_D24.ConfNb=1
SH.FMC_D25.0=FMC_D25,sd-32b-d1
SH.FMC_D25.ConfNb=1
SH.FMC_D26.0=FMC_D26,sd-32b-d1
SH.FMC_D26.ConfNb=1
SH.FMC_D27.0=FMC_D27,sd-32b-d1
SH.FMC_D27.ConfNb=1
SH.FMC_D28.0=FMC_D28,sd-32b-d1
SH.FMC_D28.ConfNb=1
SH.FMC_D29.0=FMC_D29,sd-32b-d1
SH.FMC_D29.ConfNb=1
SH.FMC_D2_DA2.0=FMC_D2,sd-32b-d1
SH.FMC_D2_DA2.ConfNb=1
SH.FMC_D30.0=FMC_D30,sd-32b-d1
SH.FMC_D30.ConfNb=1
SH.FMC_D31.0=FMC_D31,sd-32b-d1
SH.FMC_D31.ConfNb=1
SH.FMC_D3_DA3.0=FMC_D3,sd-32b-d1
SH.FMC_D3_DA3.ConfNb=1
SH.FMC_D4_DA4.0=FMC_D4,sd-32b-d1
SH.FMC_D4_DA4.ConfNb=1
SH.FMC_D5_DA5.0=FMC_D5,sd-32b-d1
SH.FMC_D5_DA5.ConfNb=1
SH.FMC_D6_DA6.0=FMC_D6,sd-32b-d1
SH.FMC_D6_DA6.ConfNb=1
SH.FMC_D7_DA7.0=FMC_D7,sd-32b-d1
SH.FMC_D7_DA7.ConfNb=1
SH.FMC_D8_DA8.0=FMC_D8,sd-32b-d1
SH.FMC_D8_DA8.ConfNb=1
SH.FMC_D9_DA9.0=FMC_D9,sd-32b-d1
SH.FMC_D9_DA9.ConfNb=1
SH.FMC_NBL0.0=FMC_NBL0,Sd4ByteEnable1
SH.FMC_NBL0.ConfNb=1
SH.FMC_NBL1.0=FMC_NBL1,Sd4ByteEnable1
SH.FMC_NBL1.ConfNb=1
SH.FMC_NBL2.0=FMC_NBL2,Sd4ByteEnable1
SH.FMC_NBL2.ConfNb=1
SH.FMC_NBL3.0=FMC_NBL3,Sd4ByteEnable1
SH.FMC_NBL3.ConfNb=1
SH.FMC_SDCLK.0=FMC_SDCLK,12b-sda1
SH.FMC_SDCLK.ConfNb=1
SH.FMC_SDNCAS.0=FMC_SDNCAS,12b-sda1
SH.FMC_SDNCAS.ConfNb=1
SH.FMC_SDNRAS.0=FMC_SDNRAS,12b-sda1
SH.FMC_SDNRAS.ConfNb=1
SH.FMC_SDNWE.0=FMC_SDNWE,12b-sda1
SH.FMC_SDNWE.ConfNb=1
STMicroelectronics.X-CUBE-AI.9.0.0.ActivationBufferSizeList=120128
STMicroelectronics.X-CUBE-AI.9.0.0.ActivationBuffers=pool0
STMicroelectronics.X-CUBE-AI.9.0.0.ActivationNames=pool0
STMicroelectronics.X-CUBE-AI.9.0.0.ActivationSizes=AI_NETWORK_DATA_ACTIVATION_1_SIZE
STMicroelectronics.X-CUBE-AI.9.0.0.ArtificialOoIntelligenceJjXAaCUBEAaAI_Checked=true
STMicroelectronics.X-CUBE-AI.9.0.0.HeapSize=0x800
STMicroelectronics.X-CUBE-AI.9.0.0.IPParameters=XAaCUBEAaAICcArtificialOoIntelligenceJjCore,HeapSize,StackSize,ModelName-054f68c5b1784642c3cbccf176ae7f3a9d28b22fcbf9772832cb4324b05e295c,ModelKind-054f68c5b1784642c3cbccf176ae7f3a9d28b22fcbf9772832cb4324b05e295c,ModelCompression-054f68c5b1784642c3cbccf176ae7f3a9d28b22fcbf9772832cb4324b05e295c,ModelHashList,ModelNameList,WorkingBufferStartAddrList,LatestDirectoryUsed-054f68c5b1784642c3cbccf176ae7f3a9d28b22fcbf9772832cb4324b05e295c,ModelStructureFile-054f68c5b1784642c3cbccf176ae7f3a9d28b22fcbf9772832cb4324b05e295c,ModelMacc-054f68c5b1784642c3cbccf176ae7f3a9d28b22fcbf9772832cb4324b05e295c,ModelActualCompression-054f68c5b1784642c3cbccf176ae7f3a9d28b22fcbf9772832cb4324b05e295c,ModelRamOccupation-054f68c5b1784642c3cbccf176ae7f3a9d28b22fcbf9772832cb4324b05e295c,ModelFlashOccupation-054f68c5b1784642c3cbccf176ae7f3a9d28b22fcbf9772832cb4324b05e295c,ModelType-054f68c5b1784642c3cbccf176ae7f3a9d28b22fcbf9772832cb4324b05e295c,copyWeightToRam,useInputAllocation,useOutputAllocation,customLayerConfigEnabled,noOnnxIoTranspose,ActivationBuffers,ActivationSizes,ActivationNames,InternalRamActivationBufferMaxSize,ActivationBufferSizeList,MaximumNumberOfInputLayer,MaximumNumberOfOutputLayer,MaximumSizeOfInputLayer,MaximumSizeOfOutputLayer,ReadyForCodeGeneration
STMicroelectronics.X-CUBE-AI.9.0.0.InternalRamActivationBufferMaxSize=AI_NETWORK_DATA_ACTIVATIONS_SIZE
STMicroelectronics.X-CUBE-AI.9.0.0.LatestDirectoryUsed-054f68c5b1784642c3cbccf176ae7f3a9d28b22fcbf9772832cb4324b05e295c=C\:\\Varsity\\Year of Study 4 (IE)\\Semester 2\\Investigation Project\\Project Implementation\\GitHub Repo\\Investigation_Project_TinyML\\Saved_Models\\Normal_NN
STMicroelectronics.X-CUBE-AI.9.0.0.MaximumNumberOfInputLayer=1
STMicroelectronics.X-CUBE-AI.9.0.0.MaximumNumberOfOutputLayer=1
STMicroelectronics.X-CUBE-AI.9.0.0.MaximumSizeOfInputLayer=1
STMicroelectronics.X-CUBE-AI.9.0.0.MaximumSizeOfOutputLayer=1
STMicroelectronics.X-CUBE-AI.9.0.0.ModelActualCompression-054f68c5b1784642c3cbccf176ae7f3a9d28b22fcbf9772832cb4324b05e295c=0.0
STMicroelectronics.X-CUBE-AI.9.0.0.ModelCompression-054f68c5b1784642c3cbccf176ae7f3a9d28b22fcbf9772832cb4324b05e295c=Low
STMicroelectronics.X-CUBE-AI.9.0.0.ModelFlashOccupation-054f68c5b1784642c3cbccf176ae7f3a9d28b22fcbf9772832cb4324b05e295c=970120
STMicroelectronics.X-CUBE-AI.9.0.0.ModelHashList=054f68c5b1784642c3cbccf176ae7f3a9d28b22fcbf9772832cb4324b05e295c
STMicroelectronics.X-CUBE-AI.9.0.0.ModelKind-054f68c5b1784642c3cbccf176ae7f3a9d28b22fcbf9772832cb4324b05e295c=KERAS
STMicroelectronics.X-CUBE-AI.9.0.0.ModelMacc-054f68c5b1784642c3cbccf176ae7f3a9d28b22fcbf9772832cb4324b05e295c=962370
STMicroelectronics.X-CUBE-AI.9.0.0.ModelName-054f68c5b1784642c3cbccf176ae7f3a9d28b22fcbf9772832cb4324b05e295c=network
STMicroelectronics.X-CUBE-AI.9.0.0.ModelNameList=network
STMicroelectronics.X-CUBE-AI.9.0.0.ModelRamOccupation-054f68c5b1784642c3cbccf176ae7f3a9d28b22fcbf9772832cb4324b05e295c=120128
STMicroelectronics.X-CUBE-AI.9.0.0.ModelStructureFile-054f68c5b1784642c3cbccf176ae7f3a9d28b22fcbf9772832cb4324b05e295c=C\:\\Varsity\\Year of Study 4 (IE)\\Semester 2\\Investigation Project\\Project Implementation\\GitHub Repo\\Investigation_Project_TinyML\\Saved_Models\\Normal_NN\\Cable-98-Accuracy-db-tf.keras
STMicroelectronics.X-CUBE-AI.9.0.0.ModelType-054f68c5b1784642c3cbccf176ae7f3a9d28b22fcbf9772832cb4324b05e295c=STM32Cube.AI MCU runtime
STMicroelectronics.X-CUBE-AI.9.0.0.ReadyForCodeGeneration=true
STMicroelectronics.X-CUBE-AI.9.0.0.StackSize=0x800
STMicroelectronics.X-CUBE-AI.9.0.0.WorkingBufferStartAddrList=0xFFFFFFFF
STMicroelectronics.X-CUBE-AI.9.0.0.XAaCUBEAaAICcArtificialOoIntelligenceJjCore=true
STMicroelectronics.X-CUBE-AI.9.0.0.copyWeightToRam=false
STMicroelectronics.X-CUBE-AI.9.0.0.customLayerConfigEnabled=false
STMicroelectronics.X-CUBE-AI.9.0.0.noOnnxIoTranspose=false
STMicroelectronics.X-CUBE-AI.9.0.0.useInputAllocation=true
STMicroelectronics.X-CUBE-AI.9.0.0.useOutputAllocation=true
STMicroelectronics.X-CUBE-AI.9.0.0_SwParameter=XAaCUBEAaAICcArtificialOoIntelligenceJjCore\:true;
VP_CRC_VS_CRC.Mode=CRC_Activate
VP_CRC_VS_CRC.Signal=CRC_VS_CRC
VP_DMA2D_VS_DMA2D.Mode=DMA2D_Activate
VP_DMA2D_VS_DMA2D.Signal=DMA2D_VS_DMA2D
VP_LTDC_DSIMode.Mode=RGB888
VP_LTDC_DSIMode.Signal=LTDC_DSIMode
VP_STMicroelectronics.X-CUBE-AI_VS_ArtificialOoIntelligenceJjXAaCUBEAaAI_9.0.0.Mode=ArtificialOoIntelligenceJjXAaCUBEAaAI
VP_STMicroelectronics.X-CUBE-AI_VS_ArtificialOoIntelligenceJjXAaCUBEAaAI_9.0.0.Signal=STMicroelectronics.X-CUBE-AI_VS_ArtificialOoIntelligenceJjXAaCUBEAaAI_9.0.0
VP_SYS_VS_Systick.Mode=SysTick
VP_SYS_VS_Systick.Signal=SYS_VS_Systick
board=STM32F769I-DISCO
boardIOC=true
isbadioc=false
